
Microsoft Visual Studio Solution File, Format Version 12.00
# Visual Studio Version 16
VisualStudioVersion = 16.0.30413.136
MinimumVisualStudioVersion = 10.0.40219.1
Project("{2150E333-8FDC-42A3-9474-1A3956D46DE8}") = "0 - Dominio", "0 - Dominio", "{4FC870DE-9DB1-42D3-9635-4021C7E3D2EC}"
EndProject
Project("{FAE04EC0-301F-11D3-BF4B-00C04F79EFBC}") = "RallyDakar.Dominio", "RallyDakar.Dominio\RallyDakar.Dominio.csproj", "{4ACDABF9-861A-44F0-A314-0B98B7DC4CE8}"
EndProject
Project("{FAE04EC0-301F-11D3-BF4B-00C04F79EFBC}") = "RallyDakar.Dominio.Testes", "RallyDakar.Dominio.Testes\RallyDakar.Dominio.Testes.csproj", "{77DDA256-4B06-4279-AF97-592C36D53EA5}"
EndProject
Project("{2150E333-8FDC-42A3-9474-1A3956D46DE8}") = "1 - WEB", "1 - WEB", "{ED3DEC3F-C2F7-4856-8067-EEE76A128312}"
EndProject
Project("{2150E333-8FDC-42A3-9474-1A3956D46DE8}") = "1.1 - API", "1.1 - API", "{F8B2DF77-4ACE-43BA-B15E-7408679E498A}"
EndProject
Project("{FAE04EC0-301F-11D3-BF4B-00C04F79EFBC}") = "RallyDakar.API", "RallyDakar.API\RallyDakar.API.csproj", "{E916AC56-9D55-441E-8F1D-6A0E17526656}"
EndProject
Global
	GlobalSection(SolutionConfigurationPlatforms) = preSolution
		Debug|Any CPU = Debug|Any CPU
		Release|Any CPU = Release|Any CPU
	EndGlobalSection
	GlobalSection(ProjectConfigurationPlatforms) = postSolution
		{4ACDABF9-861A-44F0-A314-0B98B7DC4CE8}.Debug|Any CPU.ActiveCfg = Debug|Any CPU
		{4ACDABF9-861A-44F0-A314-0B98B7DC4CE8}.Debug|Any CPU.Build.0 = Debug|Any CPU
		{4ACDABF9-861A-44F0-A314-0B98B7DC4CE8}.Release|Any CPU.ActiveCfg = Release|Any CPU
		{4ACDABF9-861A-44F0-A314-0B98B7DC4CE8}.Release|Any CPU.Build.0 = Release|Any CPU
		{77DDA256-4B06-4279-AF97-592C36D53EA5}.Debug|Any CPU.ActiveCfg = Debug|Any CPU
		{77DDA256-4B06-4279-AF97-592C36D53EA5}.Debug|Any CPU.Build.0 = Debug|Any CPU
		{77DDA256-4B06-4279-AF97-592C36D53EA5}.Release|Any CPU.ActiveCfg = Release|Any CPU
		{77DDA256-4B06-4279-AF97-592C36D53EA5}.Release|Any CPU.Build.0 = Release|Any CPU
		{E916AC56-9D55-441E-8F1D-6A0E17526656}.Debug|Any CPU.ActiveCfg = Debug|Any CPU
		{E916AC56-9D55-441E-8F1D-6A0E17526656}.Debug|Any CPU.Build.0 = Debug|Any CPU
		{E916AC56-9D55-441E-8F1D-6A0E17526656}.Release|Any CPU.ActiveCfg = Release|Any CPU
		{E916AC56-9D55-441E-8F1D-6A0E17526656}.Release|Any CPU.Build.0 = Release|Any CPU
	EndGlobalSection
	GlobalSection(SolutionProperties) = preSolution
		HideSolutionNode = FALSE
	EndGlobalSection
	GlobalSection(NestedProjects) = preSolution
		{4ACDABF9-861A-44F0-A314-0B98B7DC4CE8} = {4FC870DE-9DB1-42D3-9635-4021C7E3D2EC}
		{77DDA256-4B06-4279-AF97-592C36D53EA5} = {4FC870DE-9DB1-42D3-9635-4021C7E3D2EC}
		{F8B2DF77-4ACE-43BA-B15E-7408679E498A} = {ED3DEC3F-C2F7-4856-8067-EEE76A128312}
		{E916AC56-9D55-441E-8F1D-6A0E17526656} = {F8B2DF77-4ACE-43BA-B15E-7408679E498A}
	EndGlobalSection
	GlobalSection(ExtensibilityGlobals) = postSolution
		SolutionGuid = {054F2DDA-E437-45B2-86C9-CDC6E4310AAB}
	EndGlobalSection
EndGlobal
